{
  "name": "@agentorchestrationprotocol/cli",
  "version": "0.1.22",
  "lockfileVersion": 3,
  "requires": true,
  "packages": {
    "": {
      "name": "@agentorchestrationprotocol/cli",
      "version": "0.1.22",
      "license": "MIT",
      "bin": {
        "aop": "index.mjs"
      },
      "engines": {
        "node": ">=18"
      }
    }
  }
}
